
Microsoft Visual Studio Solution File, Format Version 12.00
# Visual Studio 2017
Project("{FAE04EC0-301F-11D3-BF4B-00C04F79EFBC}") = "jigsaw.Plugins", "jigsaw.Plugins.csproj", "{21567110-613E-64CB-728E-9FC32CF0D497}"
EndProject
Project("{FAE04EC0-301F-11D3-BF4B-00C04F79EFBC}") = "jigsaw", "jigsaw.csproj", "{52907569-ACED-094D-46B6-C02184EF2F84}"
EndProject
Project("{FAE04EC0-301F-11D3-BF4B-00C04F79EFBC}") = "jigsaw.Editor", "jigsaw.Editor.csproj", "{D9490EC6-CC26-159C-4F57-E4E64B6D87B0}"
EndProject
Global
	GlobalSection(SolutionConfigurationPlatforms) = preSolution
		Debug|Any CPU = Debug|Any CPU
		Release|Any CPU = Release|Any CPU
	EndGlobalSection
	GlobalSection(ProjectConfigurationPlatforms) = postSolution
		{21567110-613E-64CB-728E-9FC32CF0D497}.Debug|Any CPU.ActiveCfg = Debug|Any CPU
		{21567110-613E-64CB-728E-9FC32CF0D497}.Debug|Any CPU.Build.0 = Debug|Any CPU
		{21567110-613E-64CB-728E-9FC32CF0D497}.Release|Any CPU.ActiveCfg = Release|Any CPU
		{21567110-613E-64CB-728E-9FC32CF0D497}.Release|Any CPU.Build.0 = Release|Any CPU
		{52907569-ACED-094D-46B6-C02184EF2F84}.Debug|Any CPU.ActiveCfg = Debug|Any CPU
		{52907569-ACED-094D-46B6-C02184EF2F84}.Debug|Any CPU.Build.0 = Debug|Any CPU
		{52907569-ACED-094D-46B6-C02184EF2F84}.Release|Any CPU.ActiveCfg = Release|Any CPU
		{52907569-ACED-094D-46B6-C02184EF2F84}.Release|Any CPU.Build.0 = Release|Any CPU
		{D9490EC6-CC26-159C-4F57-E4E64B6D87B0}.Debug|Any CPU.ActiveCfg = Debug|Any CPU
		{D9490EC6-CC26-159C-4F57-E4E64B6D87B0}.Debug|Any CPU.Build.0 = Debug|Any CPU
		{D9490EC6-CC26-159C-4F57-E4E64B6D87B0}.Release|Any CPU.ActiveCfg = Release|Any CPU
		{D9490EC6-CC26-159C-4F57-E4E64B6D87B0}.Release|Any CPU.Build.0 = Release|Any CPU
	EndGlobalSection
	GlobalSection(SolutionProperties) = preSolution
		HideSolutionNode = FALSE
	EndGlobalSection
EndGlobal
